{
  "name": "jsreportweb",
  "version": "1.0.0",
  "lockfileVersion": 1,
  "requires": true,
  "dependencies": {
    "jsreport-browser-client-dist": {
      "version": "1.1.0",
      "resolved": "https://registry.npmjs.org/jsreport-browser-client-dist/-/jsreport-browser-client-dist-1.1.0.tgz",
      "integrity": "sha512-wnjrdhelRd8JReAmaDEWRUq/dfo6lvNF2PKNsDD0/lds6nzpSz7SviVItuJOKAjlaI7Uq6574S7pZJm3tmLuDQ=="
    }
  }
}
